// !$*UTF8*$!
{
	archiveVersion = 1;
	classes = {
	};
	objectVersion = 56;
	objects = {

/* Begin PBXBuildFile section */
		D7777E3D2AE278630083B314 /* VideoCustom.swift in Sources */ = {isa = PBXBuildFile; fileRef = D7777E3C2AE278630083B314 /* VideoCustom.swift */; };
		D7777E402AE28C980083B314 /* PlayerLayerViewCell.swift in Sources */ = {isa = PBXBuildFile; fileRef = D7777E3E2AE28C980083B314 /* PlayerLayerViewCell.swift */; };
		D7777E412AE28C980083B314 /* PlayerLayerViewCell.xib in Resources */ = {isa = PBXBuildFile; fileRef = D7777E3F2AE28C980083B314 /* PlayerLayerViewCell.xib */; };
		D7865AD02AC19FE10035543B /* AppDelegate.swift in Sources */ = {isa = PBXBuildFile; fileRef = D7865ACF2AC19FE10035543B /* AppDelegate.swift */; };
		D7865AD22AC19FE10035543B /* SceneDelegate.swift in Sources */ = {isa = PBXBuildFile; fileRef = D7865AD12AC19FE10035543B /* SceneDelegate.swift */; };
		D7865AD92AC19FE20035543B /* Assets.xcassets in Resources */ = {isa = PBXBuildFile; fileRef = D7865AD82AC19FE20035543B /* Assets.xcassets */; };
		D7865ADC2AC19FE20035543B /* LaunchScreen.storyboard in Resources */ = {isa = PBXBuildFile; fileRef = D7865ADA2AC19FE20035543B /* LaunchScreen.storyboard */; };
		D7865AE92AC19FFD0035543B /* VideoModel.swift in Sources */ = {isa = PBXBuildFile; fileRef = D7865AE32AC19FFB0035543B /* VideoModel.swift */; };
		D7865AEA2AC19FFD0035543B /* VideoURLData.json in Resources */ = {isa = PBXBuildFile; fileRef = D7865AE42AC19FFB0035543B /* VideoURLData.json */; };
		D7865AEB2AC19FFD0035543B /* PlayerViewCell.swift in Sources */ = {isa = PBXBuildFile; fileRef = D7865AE52AC19FFC0035543B /* PlayerViewCell.swift */; };
		D7865AEC2AC19FFD0035543B /* PlayerViewCell.xib in Resources */ = {isa = PBXBuildFile; fileRef = D7865AE62AC19FFC0035543B /* PlayerViewCell.xib */; };
		D7865AED2AC19FFD0035543B /* ViewController.swift in Sources */ = {isa = PBXBuildFile; fileRef = D7865AE72AC19FFC0035543B /* ViewController.swift */; };
		D7865AEE2AC19FFD0035543B /* Main.storyboard in Resources */ = {isa = PBXBuildFile; fileRef = D7865AE82AC19FFC0035543B /* Main.storyboard */; };
/* End PBXBuildFile section */

/* Begin PBXFileReference section */
		D7777E3C2AE278630083B314 /* VideoCustom.swift */ = {isa = PBXFileReference; lastKnownFileType = sourcecode.swift; path = VideoCustom.swift; sourceTree = "<group>"; };
		D7777E3E2AE28C980083B314 /* PlayerLayerViewCell.swift */ = {isa = PBXFileReference; lastKnownFileType = sourcecode.swift; path = PlayerLayerViewCell.swift; sourceTree = "<group>"; };
		D7777E3F2AE28C980083B314 /* PlayerLayerViewCell.xib */ = {isa = PBXFileReference; lastKnownFileType = file.xib; path = PlayerLayerViewCell.xib; sourceTree = "<group>"; };
		D7865ACC2AC19FE10035543B /* ReelAppModel.app */ = {isa = PBXFileReference; explicitFileType = wrapper.application; includeInIndex = 0; path = ReelAppModel.app; sourceTree = BUILT_PRODUCTS_DIR; };
		D7865ACF2AC19FE10035543B /* AppDelegate.swift */ = {isa = PBXFileReference; lastKnownFileType = sourcecode.swift; path = AppDelegate.swift; sourceTree = "<group>"; };
		D7865AD12AC19FE10035543B /* SceneDelegate.swift */ = {isa = PBXFileReference; lastKnownFileType = sourcecode.swift; path = SceneDelegate.swift; sourceTree = "<group>"; };
		D7865AD82AC19FE20035543B /* Assets.xcassets */ = {isa = PBXFileReference; lastKnownFileType = folder.assetcatalog; path = Assets.xcassets; sourceTree = "<group>"; };
		D7865ADB2AC19FE20035543B /* Base */ = {isa = PBXFileReference; lastKnownFileType = file.storyboard; name = Base; path = Base.lproj/LaunchScreen.storyboard; sourceTree = "<group>"; };
		D7865ADD2AC19FE20035543B /* Info.plist */ = {isa = PBXFileReference; lastKnownFileType = text.plist.xml; path = Info.plist; sourceTree = "<group>"; };
		D7865AE32AC19FFB0035543B /* VideoModel.swift */ = {isa = PBXFileReference; fileEncoding = 4; lastKnownFileType = sourcecode.swift; path = VideoModel.swift; sourceTree = "<group>"; };
		D7865AE42AC19FFB0035543B /* VideoURLData.json */ = {isa = PBXFileReference; fileEncoding = 4; lastKnownFileType = text.json; path = VideoURLData.json; sourceTree = "<group>"; };
		D7865AE52AC19FFC0035543B /* PlayerViewCell.swift */ = {isa = PBXFileReference; fileEncoding = 4; lastKnownFileType = sourcecode.swift; path = PlayerViewCell.swift; sourceTree = "<group>"; };
		D7865AE62AC19FFC0035543B /* PlayerViewCell.xib */ = {isa = PBXFileReference; fileEncoding = 4; lastKnownFileType = file.xib; path = PlayerViewCell.xib; sourceTree = "<group>"; };
		D7865AE72AC19FFC0035543B /* ViewController.swift */ = {isa = PBXFileReference; fileEncoding = 4; lastKnownFileType = sourcecode.swift; path = ViewController.swift; sourceTree = "<group>"; };
		D7865AE82AC19FFC0035543B /* Main.storyboard */ = {isa = PBXFileReference; fileEncoding = 4; lastKnownFileType = file.storyboard; path = Main.storyboard; sourceTree = "<group>"; };
/* End PBXFileReference section */

/* Begin PBXFrameworksBuildPhase section */
		D7865AC92AC19FE10035543B /* Frameworks */ = {
			isa = PBXFrameworksBuildPhase;
			buildActionMask = 2147483647;
			files = (
			);
			runOnlyForDeploymentPostprocessing = 0;
		};
/* End PBXFrameworksBuildPhase section */

/* Begin PBXGroup section */
		D7777E3B2AE278550083B314 /* PlayerCell */ = {
			isa = PBXGroup;
			children = (
				D7865AE52AC19FFC0035543B /* PlayerViewCell.swift */,
				D7865AE62AC19FFC0035543B /* PlayerViewCell.xib */,
				D7777E3C2AE278630083B314 /* VideoCustom.swift */,
				D7777E3E2AE28C980083B314 /* PlayerLayerViewCell.swift */,
				D7777E3F2AE28C980083B314 /* PlayerLayerViewCell.xib */,
			);
			path = PlayerCell;
			sourceTree = "<group>";
		};
		D7865AC32AC19FE10035543B = {
			isa = PBXGroup;
			children = (
				D7865ACE2AC19FE10035543B /* ReelAppModel */,
				D7865ACD2AC19FE10035543B /* Products */,
			);
			sourceTree = "<group>";
		};
		D7865ACD2AC19FE10035543B /* Products */ = {
			isa = PBXGroup;
			children = (
				D7865ACC2AC19FE10035543B /* ReelAppModel.app */,
			);
			name = Products;
			sourceTree = "<group>";
		};
		D7865ACE2AC19FE10035543B /* ReelAppModel */ = {
			isa = PBXGroup;
			children = (
				D7865ACF2AC19FE10035543B /* AppDelegate.swift */,
				D7865AD12AC19FE10035543B /* SceneDelegate.swift */,
				D7865AE82AC19FFC0035543B /* Main.storyboard */,
				D7777E3B2AE278550083B314 /* PlayerCell */,
				D7865AE32AC19FFB0035543B /* VideoModel.swift */,
				D7865AE42AC19FFB0035543B /* VideoURLData.json */,
				D7865AE72AC19FFC0035543B /* ViewController.swift */,
				D7865AD82AC19FE20035543B /* Assets.xcassets */,
				D7865ADA2AC19FE20035543B /* LaunchScreen.storyboard */,
				D7865ADD2AC19FE20035543B /* Info.plist */,
			);
			path = ReelAppModel;
			sourceTree = "<group>";
		};
/* End PBXGroup section */

/* Begin PBXNativeTarget section */
		D7865ACB2AC19FE10035543B /* ReelAppModel */ = {
			isa = PBXNativeTarget;
			buildConfigurationList = D7865AE02AC19FE20035543B /* Build configuration list for PBXNativeTarget "ReelAppModel" */;
			buildPhases = (
				D7865AC82AC19FE10035543B /* Sources */,
				D7865AC92AC19FE10035543B /* Frameworks */,
				D7865ACA2AC19FE10035543B /* Resources */,
			);
			buildRules = (
			);
			dependencies = (
			);
			name = ReelAppModel;
			productName = ReelAppModel;
			productReference = D7865ACC2AC19FE10035543B /* ReelAppModel.app */;
			productType = "com.apple.product-type.application";
		};
/* End PBXNativeTarget section */

/* Begin PBXProject section */
		D7865AC42AC19FE10035543B /* Project object */ = {
			isa = PBXProject;
			attributes = {
				BuildIndependentTargetsInParallel = 1;
				LastSwiftUpdateCheck = 1420;
				LastUpgradeCheck = 1420;
				TargetAttributes = {
					D7865ACB2AC19FE10035543B = {
						CreatedOnToolsVersion = 14.2;
					};
				};
			};
			buildConfigurationList = D7865AC72AC19FE10035543B /* Build configuration list for PBXProject "ReelAppModel" */;
			compatibilityVersion = "Xcode 14.0";
			developmentRegion = en;
			hasScannedForEncodings = 0;
			knownRegions = (
				en,
				Base,
			);
			mainGroup = D7865AC32AC19FE10035543B;
			productRefGroup = D7865ACD2AC19FE10035543B /* Products */;
			projectDirPath = "";
			projectRoot = "";
			targets = (
				D7865ACB2AC19FE10035543B /* ReelAppModel */,
			);
		};
/* End PBXProject section */

/* Begin PBXResourcesBuildPhase section */
		D7865ACA2AC19FE10035543B /* Resources */ = {
			isa = PBXResourcesBuildPhase;
			buildActionMask = 2147483647;
			files = (
				D7865AEA2AC19FFD0035543B /* VideoURLData.json in Resources */,
				D7865AEE2AC19FFD0035543B /* Main.storyboard in Resources */,
				D7865ADC2AC19FE20035543B /* LaunchScreen.storyboard in Resources */,
				D7865AD92AC19FE20035543B /* Assets.xcassets in Resources */,
				D7865AEC2AC19FFD0035543B /* PlayerViewCell.xib in Resources */,
				D7777E412AE28C980083B314 /* PlayerLayerViewCell.xib in Resources */,
			);
			runOnlyForDeploymentPostprocessing = 0;
		};
/* End PBXResourcesBuildPhase section */

/* Begin PBXSourcesBuildPhase section */
		D7865AC82AC19FE10035543B /* Sources */ = {
			isa = PBXSourcesBuildPhase;
			buildActionMask = 2147483647;
			files = (
				D7865AED2AC19FFD0035543B /* ViewController.swift in Sources */,
				D7777E3D2AE278630083B314 /* VideoCustom.swift in Sources */,
				D7865AD02AC19FE10035543B /* AppDelegate.swift in Sources */,
				D7865AE92AC19FFD0035543B /* VideoModel.swift in Sources */,
				D7865AD22AC19FE10035543B /* SceneDelegate.swift in Sources */,
				D7777E402AE28C980083B314 /* PlayerLayerViewCell.swift in Sources */,
				D7865AEB2AC19FFD0035543B /* PlayerViewCell.swift in Sources */,
			);
			runOnlyForDeploymentPostprocessing = 0;
		};
/* End PBXSourcesBuildPhase section */

/* Begin PBXVariantGroup section */
		D7865ADA2AC19FE20035543B /* LaunchScreen.storyboard */ = {
			isa = PBXVariantGroup;
			children = (
				D7865ADB2AC19FE20035543B /* Base */,
			);
			name = LaunchScreen.storyboard;
			sourceTree = "<group>";
		};
/* End PBXVariantGroup section */

/* Begin XCBuildConfiguration section */
		D7865ADE2AC19FE20035543B /* Debug */ = {
			isa = XCBuildConfiguration;
			buildSettings = {
				ALWAYS_SEARCH_USER_PATHS = NO;
				CLANG_ANALYZER_NONNULL = YES;
				CLANG_ANALYZER_NUMBER_OBJECT_CONVERSION = YES_AGGRESSIVE;
				CLANG_CXX_LANGUAGE_STANDARD = "gnu++20";
				CLANG_ENABLE_MODULES = YES;
				CLANG_ENABLE_OBJC_ARC = YES;
				CLANG_ENABLE_OBJC_WEAK = YES;
				CLANG_WARN_BLOCK_CAPTURE_AUTORELEASING = YES;
				CLANG_WARN_BOOL_CONVERSION = YES;
				CLANG_WARN_COMMA = YES;
				CLANG_WARN_CONSTANT_CONVERSION = YES;
				CLANG_WARN_DEPRECATED_OBJC_IMPLEMENTATIONS = YES;
				CLANG_WARN_DIRECT_OBJC_ISA_USAGE = YES_ERROR;
				CLANG_WARN_DOCUMENTATION_COMMENTS = YES;
				CLANG_WARN_EMPTY_BODY = YES;
				CLANG_WARN_ENUM_CONVERSION = YES;
				CLANG_WARN_INFINITE_RECURSION = YES;
				CLANG_WARN_INT_CONVERSION = YES;
				CLANG_WARN_NON_LITERAL_NULL_CONVERSION = YES;
				CLANG_WARN_OBJC_IMPLICIT_RETAIN_SELF = YES;
				CLANG_WARN_OBJC_LITERAL_CONVERSION = YES;
				CLANG_WARN_OBJC_ROOT_CLASS = YES_ERROR;
				CLANG_WARN_QUOTED_INCLUDE_IN_FRAMEWORK_HEADER = YES;
				CLANG_WARN_RANGE_LOOP_ANALYSIS = YES;
				CLANG_WARN_STRICT_PROTOTYPES = YES;
				CLANG_WARN_SUSPICIOUS_MOVE = YES;
				CLANG_WARN_UNGUARDED_AVAILABILITY = YES_AGGRESSIVE;
				CLANG_WARN_UNREACHABLE_CODE = YES;
				CLANG_WARN__DUPLICATE_METHOD_MATCH = YES;
				COPY_PHASE_STRIP = NO;
				DEBUG_INFORMATION_FORMAT = dwarf;
				ENABLE_STRICT_OBJC_MSGSEND = YES;
				ENABLE_TESTABILITY = YES;
				GCC_C_LANGUAGE_STANDARD = gnu11;
				GCC_DYNAMIC_NO_PIC = NO;
				GCC_NO_COMMON_BLOCKS = YES;
				GCC_OPTIMIZATION_LEVEL = 0;
				GCC_PREPROCESSOR_DEFINITIONS = (
					"DEBUG=1",
					"$(inherited)",
				);
				GCC_WARN_64_TO_32_BIT_CONVERSION = YES;
				GCC_WARN_ABOUT_RETURN_TYPE = YES_ERROR;
				GCC_WARN_UNDECLARED_SELECTOR = YES;
				GCC_WARN_UNINITIALIZED_AUTOS = YES_AGGRESSIVE;
				GCC_WARN_UNUSED_FUNCTION = YES;
				GCC_WARN_UNUSED_VARIABLE = YES;
				IPHONEOS_DEPLOYMENT_TARGET = 16.2;
				MTL_ENABLE_DEBUG_INFO = INCLUDE_SOURCE;
				MTL_FAST_MATH = YES;
				ONLY_ACTIVE_ARCH = YES;
				SDKROOT = iphoneos;
				SWIFT_ACTIVE_COMPILATION_CONDITIONS = DEBUG;
				SWIFT_OPTIMIZATION_LEVEL = "-Onone";
			};
			name = Debug;
		};
		D7865ADF2AC19FE20035543B /* Release */ = {
			isa = XCBuildConfiguration;
			buildSettings = {
				ALWAYS_SEARCH_USER_PATHS = NO;
				CLANG_ANALYZER_NONNULL = YES;
				CLANG_ANALYZER_NUMBER_OBJECT_CONVERSION = YES_AGGRESSIVE;
				CLANG_CXX_LANGUAGE_STANDARD = "gnu++20";
				CLANG_ENABLE_MODULES = YES;
				CLANG_ENABLE_OBJC_ARC = YES;
				CLANG_ENABLE_OBJC_WEAK = YES;
				CLANG_WARN_BLOCK_CAPTURE_AUTORELEASING = YES;
				CLANG_WARN_BOOL_CONVERSION = YES;
				CLANG_WARN_COMMA = YES;
				CLANG_WARN_CONSTANT_CONVERSION = YES;
				CLANG_WARN_DEPRECATED_OBJC_IMPLEMENTATIONS = YES;
				CLANG_WARN_DIRECT_OBJC_ISA_USAGE = YES_ERROR;
				CLANG_WARN_DOCUMENTATION_COMMENTS = YES;
				CLANG_WARN_EMPTY_BODY = YES;
				CLANG_WARN_ENUM_CONVERSION = YES;
				CLANG_WARN_INFINITE_RECURSION = YES;
				CLANG_WARN_INT_CONVERSION = YES;
				CLANG_WARN_NON_LITERAL_NULL_CONVERSION = YES;
				CLANG_WARN_OBJC_IMPLICIT_RETAIN_SELF = YES;
				CLANG_WARN_OBJC_LITERAL_CONVERSION = YES;
				CLANG_WARN_OBJC_ROOT_CLASS = YES_ERROR;
				CLANG_WARN_QUOTED_INCLUDE_IN_FRAMEWORK_HEADER = YES;
				CLANG_WARN_RANGE_LOOP_ANALYSIS = YES;
				CLANG_WARN_STRICT_PROTOTYPES = YES;
				CLANG_WARN_SUSPICIOUS_MOVE = YES;
				CLANG_WARN_UNGUARDED_AVAILABILITY = YES_AGGRESSIVE;
				CLANG_WARN_UNREACHABLE_CODE = YES;
				CLANG_WARN__DUPLICATE_METHOD_MATCH = YES;
				COPY_PHASE_STRIP = NO;
				DEBUG_INFORMATION_FORMAT = "dwarf-with-dsym";
				ENABLE_NS_ASSERTIONS = NO;
				ENABLE_STRICT_OBJC_MSGSEND = YES;
				GCC_C_LANGUAGE_STANDARD = gnu11;
				GCC_NO_COMMON_BLOCKS = YES;
				GCC_WARN_64_TO_32_BIT_CONVERSION = YES;
				GCC_WARN_ABOUT_RETURN_TYPE = YES_ERROR;
				GCC_WARN_UNDECLARED_SELECTOR = YES;
				GCC_WARN_UNINITIALIZED_AUTOS = YES_AGGRESSIVE;
				GCC_WARN_UNUSED_FUNCTION = YES;
				GCC_WARN_UNUSED_VARIABLE = YES;
				IPHONEOS_DEPLOYMENT_TARGET = 16.2;
				MTL_ENABLE_DEBUG_INFO = NO;
				MTL_FAST_MATH = YES;
				SDKROOT = iphoneos;
				SWIFT_COMPILATION_MODE = wholemodule;
				SWIFT_OPTIMIZATION_LEVEL = "-O";
				VALIDATE_PRODUCT = YES;
			};
			name = Release;
		};
		D7865AE12AC19FE20035543B /* Debug */ = {
			isa = XCBuildConfiguration;
			buildSettings = {
				ASSETCATALOG_COMPILER_APPICON_NAME = AppIcon;
				ASSETCATALOG_COMPILER_GLOBAL_ACCENT_COLOR_NAME = AccentColor;
				CODE_SIGN_STYLE = Automatic;
				CURRENT_PROJECT_VERSION = 1;
				GENERATE_INFOPLIST_FILE = YES;
				INFOPLIST_FILE = ReelAppModel/Info.plist;
				INFOPLIST_KEY_UIApplicationSupportsIndirectInputEvents = YES;
				INFOPLIST_KEY_UILaunchStoryboardName = LaunchScreen;
				INFOPLIST_KEY_UIMainStoryboardFile = Main;
				INFOPLIST_KEY_UISupportedInterfaceOrientations_iPad = "UIInterfaceOrientationPortrait UIInterfaceOrientationPortraitUpsideDown UIInterfaceOrientationLandscapeLeft UIInterfaceOrientationLandscapeRight";
				INFOPLIST_KEY_UISupportedInterfaceOrientations_iPhone = "UIInterfaceOrientationPortrait UIInterfaceOrientationLandscapeLeft UIInterfaceOrientationLandscapeRight";
				LD_RUNPATH_SEARCH_PATHS = (
					"$(inherited)",
					"@executable_path/Frameworks",
				);
				MARKETING_VERSION = 1.0;
				PRODUCT_BUNDLE_IDENTIFIER = TestTest.ReelAppModel;
				PRODUCT_NAME = "$(TARGET_NAME)";
				SWIFT_EMIT_LOC_STRINGS = YES;
				SWIFT_VERSION = 5.0;
				TARGETED_DEVICE_FAMILY = "1,2";
			};
			name = Debug;
		};
		D7865AE22AC19FE20035543B /* Release */ = {
			isa = XCBuildConfiguration;
			buildSettings = {
				ASSETCATALOG_COMPILER_APPICON_NAME = AppIcon;
				ASSETCATALOG_COMPILER_GLOBAL_ACCENT_COLOR_NAME = AccentColor;
				CODE_SIGN_STYLE = Automatic;
				CURRENT_PROJECT_VERSION = 1;
				GENERATE_INFOPLIST_FILE = YES;
				INFOPLIST_FILE = ReelAppModel/Info.plist;
				INFOPLIST_KEY_UIApplicationSupportsIndirectInputEvents = YES;
				INFOPLIST_KEY_UILaunchStoryboardName = LaunchScreen;
				INFOPLIST_KEY_UIMainStoryboardFile = Main;
				INFOPLIST_KEY_UISupportedInterfaceOrientations_iPad = "UIInterfaceOrientationPortrait UIInterfaceOrientationPortraitUpsideDown UIInterfaceOrientationLandscapeLeft UIInterfaceOrientationLandscapeRight";
				INFOPLIST_KEY_UISupportedInterfaceOrientations_iPhone = "UIInterfaceOrientationPortrait UIInterfaceOrientationLandscapeLeft UIInterfaceOrientationLandscapeRight";
				LD_RUNPATH_SEARCH_PATHS = (
					"$(inherited)",
					"@executable_path/Frameworks",
				);
				MARKETING_VERSION = 1.0;
				PRODUCT_BUNDLE_IDENTIFIER = TestTest.ReelAppModel;
				PRODUCT_NAME = "$(TARGET_NAME)";
				SWIFT_EMIT_LOC_STRINGS = YES;
				SWIFT_VERSION = 5.0;
				TARGETED_DEVICE_FAMILY = "1,2";
			};
			name = Release;
		};
/* End XCBuildConfiguration section */

/* Begin XCConfigurationList section */
		D7865AC72AC19FE10035543B /* Build configuration list for PBXProject "ReelAppModel" */ = {
			isa = XCConfigurationList;
			buildConfigurations = (
				D7865ADE2AC19FE20035543B /* Debug */,
				D7865ADF2AC19FE20035543B /* Release */,
			);
			defaultConfigurationIsVisible = 0;
			defaultConfigurationName = Release;
		};
		D7865AE02AC19FE20035543B /* Build configuration list for PBXNativeTarget "ReelAppModel" */ = {
			isa = XCConfigurationList;
			buildConfigurations = (
				D7865AE12AC19FE20035543B /* Debug */,
				D7865AE22AC19FE20035543B /* Release */,
			);
			defaultConfigurationIsVisible = 0;
			defaultConfigurationName = Release;
		};
/* End XCConfigurationList section */
	};
	rootObject = D7865AC42AC19FE10035543B /* Project object */;
}
